
Microsoft Visual Studio Solution File, Format Version 12.00
# Visual Studio Version 16
VisualStudioVersion = 16.0.29509.3
MinimumVisualStudioVersion = 10.0.40219.1
Project("{FAE04EC0-301F-11D3-BF4B-00C04F79EFBC}") = "WindowsFormsApp13", "WindowsFormsApp13\WindowsFormsApp13.csproj", "{34659A5A-A7A1-4344-8781-51C648FE86D4}"
EndProject
Global
	GlobalSection(SolutionConfigurationPlatforms) = preSolution
		Debug|Any CPU = Debug|Any CPU
		Release|Any CPU = Release|Any CPU
	EndGlobalSection
	GlobalSection(ProjectConfigurationPlatforms) = postSolution
		{34659A5A-A7A1-4344-8781-51C648FE86D4}.Debug|Any CPU.ActiveCfg = Debug|Any CPU
		{34659A5A-A7A1-4344-8781-51C648FE86D4}.Debug|Any CPU.Build.0 = Debug|Any CPU
		{34659A5A-A7A1-4344-8781-51C648FE86D4}.Release|Any CPU.ActiveCfg = Release|Any CPU
		{34659A5A-A7A1-4344-8781-51C648FE86D4}.Release|Any CPU.Build.0 = Release|Any CPU
	EndGlobalSection
	GlobalSection(SolutionProperties) = preSolution
		HideSolutionNode = FALSE
	EndGlobalSection
	GlobalSection(ExtensibilityGlobals) = postSolution
		SolutionGuid = {03743F83-33A6-4C52-80E4-075E4AEF3746}
	EndGlobalSection
EndGlobal
